
Microsoft Visual Studio Solution File, Format Version 12.00
# Visual Studio Version 17
VisualStudioVersion = 17.7.34031.279
MinimumVisualStudioVersion = 10.0.40219.1
Project("{FAE04EC0-301F-11D3-BF4B-00C04F79EFBC}") = "PythagoreanTripleFinder", "PythagoreanTripleFinder\PythagoreanTripleFinder.csproj", "{39DE1998-1DFF-4968-B668-2189D8F66FE0}"
EndProject
Global
	GlobalSection(SolutionConfigurationPlatforms) = preSolution
		Debug|Any CPU = Debug|Any CPU
		Release|Any CPU = Release|Any CPU
	EndGlobalSection
	GlobalSection(ProjectConfigurationPlatforms) = postSolution
		{39DE1998-1DFF-4968-B668-2189D8F66FE0}.Debug|Any CPU.ActiveCfg = Debug|Any CPU
		{39DE1998-1DFF-4968-B668-2189D8F66FE0}.Debug|Any CPU.Build.0 = Debug|Any CPU
		{39DE1998-1DFF-4968-B668-2189D8F66FE0}.Release|Any CPU.ActiveCfg = Release|Any CPU
		{39DE1998-1DFF-4968-B668-2189D8F66FE0}.Release|Any CPU.Build.0 = Release|Any CPU
	EndGlobalSection
	GlobalSection(SolutionProperties) = preSolution
		HideSolutionNode = FALSE
	EndGlobalSection
	GlobalSection(ExtensibilityGlobals) = postSolution
		SolutionGuid = {F2BC8E9E-3B3E-4143-9F5F-17849B4BBF02}
	EndGlobalSection
EndGlobal
